
Microsoft Visual Studio Solution File, Format Version 12.00
# Visual Studio Version 16
VisualStudioVersion = 16.0.31112.23
MinimumVisualStudioVersion = 10.0.40219.1
Project("{FAE04EC0-301F-11D3-BF4B-00C04F79EFBC}") = "Sudoku", "Sudoku.csproj", "{E4393328-06A9-4FAE-B1A4-58F546A2329D}"
EndProject
Project("{FAE04EC0-301F-11D3-BF4B-00C04F79EFBC}") = "SudokuTester", "..\SudokuTester\SudokuTester.csproj", "{F5A1EF20-3CB6-4FBC-A2E4-96D632B3E95B}"
EndProject
Global
	GlobalSection(SolutionConfigurationPlatforms) = preSolution
		Debug|Any CPU = Debug|Any CPU
		Release|Any CPU = Release|Any CPU
	EndGlobalSection
	GlobalSection(ProjectConfigurationPlatforms) = postSolution
		{E4393328-06A9-4FAE-B1A4-58F546A2329D}.Debug|Any CPU.ActiveCfg = Debug|Any CPU
		{E4393328-06A9-4FAE-B1A4-58F546A2329D}.Debug|Any CPU.Build.0 = Debug|Any CPU
		{E4393328-06A9-4FAE-B1A4-58F546A2329D}.Release|Any CPU.ActiveCfg = Release|Any CPU
		{E4393328-06A9-4FAE-B1A4-58F546A2329D}.Release|Any CPU.Build.0 = Release|Any CPU
		{F5A1EF20-3CB6-4FBC-A2E4-96D632B3E95B}.Debug|Any CPU.ActiveCfg = Debug|Any CPU
		{F5A1EF20-3CB6-4FBC-A2E4-96D632B3E95B}.Debug|Any CPU.Build.0 = Debug|Any CPU
		{F5A1EF20-3CB6-4FBC-A2E4-96D632B3E95B}.Release|Any CPU.ActiveCfg = Release|Any CPU
		{F5A1EF20-3CB6-4FBC-A2E4-96D632B3E95B}.Release|Any CPU.Build.0 = Release|Any CPU
	EndGlobalSection
	GlobalSection(SolutionProperties) = preSolution
		HideSolutionNode = FALSE
	EndGlobalSection
	GlobalSection(ExtensibilityGlobals) = postSolution
		SolutionGuid = {20E3C2CD-8140-4E22-9116-CC3332677FF3}
	EndGlobalSection
EndGlobal
